// !$*UTF8*$!
{
	archiveVersion = 1;
	classes = {
	};
	objectVersion = 55;
	objects = {

/* Begin PBXBuildFile section */
		5C7A70A828D0AEFA009E5814 /* AfricaApp.swift in Sources */ = {isa = PBXBuildFile; fileRef = 5C7A70A728D0AEFA009E5814 /* AfricaApp.swift */; };
		5C7A70AA28D0AEFA009E5814 /* ContentView.swift in Sources */ = {isa = PBXBuildFile; fileRef = 5C7A70A928D0AEFA009E5814 /* ContentView.swift */; };
		5C7A70AC28D0AEFC009E5814 /* Assets.xcassets in Resources */ = {isa = PBXBuildFile; fileRef = 5C7A70AB28D0AEFC009E5814 /* Assets.xcassets */; };
		5C7A70AF28D0AEFC009E5814 /* Preview Assets.xcassets in Resources */ = {isa = PBXBuildFile; fileRef = 5C7A70AE28D0AEFC009E5814 /* Preview Assets.xcassets */; };
		5C7A70C028D0B1F3009E5814 /* rhino.mp4 in Resources */ = {isa = PBXBuildFile; fileRef = 5C7A70B628D0B1F0009E5814 /* rhino.mp4 */; };
		5C7A70C128D0B1F3009E5814 /* elephant.mp4 in Resources */ = {isa = PBXBuildFile; fileRef = 5C7A70B728D0B1F1009E5814 /* elephant.mp4 */; };
		5C7A70C228D0B1F3009E5814 /* lioness.mp4 in Resources */ = {isa = PBXBuildFile; fileRef = 5C7A70B828D0B1F1009E5814 /* lioness.mp4 */; };
		5C7A70C328D0B1F3009E5814 /* zebra.mp4 in Resources */ = {isa = PBXBuildFile; fileRef = 5C7A70B928D0B1F1009E5814 /* zebra.mp4 */; };
		5C7A70C428D0B1F3009E5814 /* gorilla.mp4 in Resources */ = {isa = PBXBuildFile; fileRef = 5C7A70BA28D0B1F2009E5814 /* gorilla.mp4 */; };
		5C7A70C528D0B1F3009E5814 /* hippo.mp4 in Resources */ = {isa = PBXBuildFile; fileRef = 5C7A70BB28D0B1F2009E5814 /* hippo.mp4 */; };
		5C7A70C628D0B1F3009E5814 /* ostrich.mp4 in Resources */ = {isa = PBXBuildFile; fileRef = 5C7A70BC28D0B1F2009E5814 /* ostrich.mp4 */; };
		5C7A70C728D0B1F3009E5814 /* cheetah.mp4 in Resources */ = {isa = PBXBuildFile; fileRef = 5C7A70BD28D0B1F3009E5814 /* cheetah.mp4 */; };
		5C7A70C828D0B1F3009E5814 /* lion.mp4 in Resources */ = {isa = PBXBuildFile; fileRef = 5C7A70BE28D0B1F3009E5814 /* lion.mp4 */; };
		5C7A70C928D0B1F3009E5814 /* giraffe.mp4 in Resources */ = {isa = PBXBuildFile; fileRef = 5C7A70BF28D0B1F3009E5814 /* giraffe.mp4 */; };
		5C7A70CF28D0B20C009E5814 /* videos.json in Resources */ = {isa = PBXBuildFile; fileRef = 5C7A70CB28D0B20C009E5814 /* videos.json */; };
		5C7A70D028D0B20C009E5814 /* animals.json in Resources */ = {isa = PBXBuildFile; fileRef = 5C7A70CC28D0B20C009E5814 /* animals.json */; };
		5C7A70D128D0B20C009E5814 /* locations.json in Resources */ = {isa = PBXBuildFile; fileRef = 5C7A70CD28D0B20C009E5814 /* locations.json */; };
		5C7A70D228D0B20C009E5814 /* covers.json in Resources */ = {isa = PBXBuildFile; fileRef = 5C7A70CE28D0B20C009E5814 /* covers.json */; };
		5C7A70D628D0D13B009E5814 /* VideoListView.swift in Sources */ = {isa = PBXBuildFile; fileRef = 5C7A70D528D0D13B009E5814 /* VideoListView.swift */; };
		5C7A70D828D0D14D009E5814 /* MapView.swift in Sources */ = {isa = PBXBuildFile; fileRef = 5C7A70D728D0D14D009E5814 /* MapView.swift */; };
		5C7A70DB28D0D17A009E5814 /* GalleryView.swift in Sources */ = {isa = PBXBuildFile; fileRef = 5C7A70DA28D0D17A009E5814 /* GalleryView.swift */; };
		5C7A70DD28D0D1B0009E5814 /* MainView.swift in Sources */ = {isa = PBXBuildFile; fileRef = 5C7A70DC28D0D1B0009E5814 /* MainView.swift */; };
/* End PBXBuildFile section */

/* Begin PBXFileReference section */
		5C7A70A428D0AEFA009E5814 /* Africa.app */ = {isa = PBXFileReference; explicitFileType = wrapper.application; includeInIndex = 0; path = Africa.app; sourceTree = BUILT_PRODUCTS_DIR; };
		5C7A70A728D0AEFA009E5814 /* AfricaApp.swift */ = {isa = PBXFileReference; lastKnownFileType = sourcecode.swift; path = AfricaApp.swift; sourceTree = "<group>"; };
		5C7A70A928D0AEFA009E5814 /* ContentView.swift */ = {isa = PBXFileReference; lastKnownFileType = sourcecode.swift; path = ContentView.swift; sourceTree = "<group>"; };
		5C7A70AB28D0AEFC009E5814 /* Assets.xcassets */ = {isa = PBXFileReference; lastKnownFileType = folder.assetcatalog; path = Assets.xcassets; sourceTree = "<group>"; };
		5C7A70AE28D0AEFC009E5814 /* Preview Assets.xcassets */ = {isa = PBXFileReference; lastKnownFileType = folder.assetcatalog; path = "Preview Assets.xcassets"; sourceTree = "<group>"; };
		5C7A70B628D0B1F0009E5814 /* rhino.mp4 */ = {isa = PBXFileReference; lastKnownFileType = file; path = rhino.mp4; sourceTree = "<group>"; };
		5C7A70B728D0B1F1009E5814 /* elephant.mp4 */ = {isa = PBXFileReference; lastKnownFileType = file; path = elephant.mp4; sourceTree = "<group>"; };
		5C7A70B828D0B1F1009E5814 /* lioness.mp4 */ = {isa = PBXFileReference; lastKnownFileType = file; path = lioness.mp4; sourceTree = "<group>"; };
		5C7A70B928D0B1F1009E5814 /* zebra.mp4 */ = {isa = PBXFileReference; lastKnownFileType = file; path = zebra.mp4; sourceTree = "<group>"; };
		5C7A70BA28D0B1F2009E5814 /* gorilla.mp4 */ = {isa = PBXFileReference; lastKnownFileType = file; path = gorilla.mp4; sourceTree = "<group>"; };
		5C7A70BB28D0B1F2009E5814 /* hippo.mp4 */ = {isa = PBXFileReference; lastKnownFileType = file; path = hippo.mp4; sourceTree = "<group>"; };
		5C7A70BC28D0B1F2009E5814 /* ostrich.mp4 */ = {isa = PBXFileReference; lastKnownFileType = file; path = ostrich.mp4; sourceTree = "<group>"; };
		5C7A70BD28D0B1F3009E5814 /* cheetah.mp4 */ = {isa = PBXFileReference; lastKnownFileType = file; path = cheetah.mp4; sourceTree = "<group>"; };
		5C7A70BE28D0B1F3009E5814 /* lion.mp4 */ = {isa = PBXFileReference; lastKnownFileType = file; path = lion.mp4; sourceTree = "<group>"; };
		5C7A70BF28D0B1F3009E5814 /* giraffe.mp4 */ = {isa = PBXFileReference; lastKnownFileType = file; path = giraffe.mp4; sourceTree = "<group>"; };
		5C7A70CB28D0B20C009E5814 /* videos.json */ = {isa = PBXFileReference; fileEncoding = 4; lastKnownFileType = text.json; path = videos.json; sourceTree = "<group>"; };
		5C7A70CC28D0B20C009E5814 /* animals.json */ = {isa = PBXFileReference; fileEncoding = 4; lastKnownFileType = text.json; path = animals.json; sourceTree = "<group>"; };
		5C7A70CD28D0B20C009E5814 /* locations.json */ = {isa = PBXFileReference; fileEncoding = 4; lastKnownFileType = text.json; path = locations.json; sourceTree = "<group>"; };
		5C7A70CE28D0B20C009E5814 /* covers.json */ = {isa = PBXFileReference; fileEncoding = 4; lastKnownFileType = text.json; path = covers.json; sourceTree = "<group>"; };
		5C7A70D328D0B476009E5814 /* Info.plist */ = {isa = PBXFileReference; lastKnownFileType = text.plist; path = Info.plist; sourceTree = "<group>"; };
		5C7A70D528D0D13B009E5814 /* VideoListView.swift */ = {isa = PBXFileReference; lastKnownFileType = sourcecode.swift; path = VideoListView.swift; sourceTree = "<group>"; };
		5C7A70D728D0D14D009E5814 /* MapView.swift */ = {isa = PBXFileReference; lastKnownFileType = sourcecode.swift; path = MapView.swift; sourceTree = "<group>"; };
		5C7A70DA28D0D17A009E5814 /* GalleryView.swift */ = {isa = PBXFileReference; lastKnownFileType = sourcecode.swift; path = GalleryView.swift; sourceTree = "<group>"; };
		5C7A70DC28D0D1B0009E5814 /* MainView.swift */ = {isa = PBXFileReference; lastKnownFileType = sourcecode.swift; path = MainView.swift; sourceTree = "<group>"; };
/* End PBXFileReference section */

/* Begin PBXFrameworksBuildPhase section */
		5C7A70A128D0AEFA009E5814 /* Frameworks */ = {
			isa = PBXFrameworksBuildPhase;
			buildActionMask = 2147483647;
			files = (
			);
			runOnlyForDeploymentPostprocessing = 0;
		};
/* End PBXFrameworksBuildPhase section */

/* Begin PBXGroup section */
		5C7A709B28D0AEFA009E5814 = {
			isa = PBXGroup;
			children = (
				5C7A70A628D0AEFA009E5814 /* Africa */,
				5C7A70A528D0AEFA009E5814 /* Products */,
			);
			sourceTree = "<group>";
		};
		5C7A70A528D0AEFA009E5814 /* Products */ = {
			isa = PBXGroup;
			children = (
				5C7A70A428D0AEFA009E5814 /* Africa.app */,
			);
			name = Products;
			sourceTree = "<group>";
		};
		5C7A70A628D0AEFA009E5814 /* Africa */ = {
			isa = PBXGroup;
			children = (
				5C7A70D328D0B476009E5814 /* Info.plist */,
				5C7A70CA28D0B200009E5814 /* Data */,
				5C7A70B528D0B1E0009E5814 /* Video */,
				5C7A70D428D0D09B009E5814 /* App */,
				5C7A70AB28D0AEFC009E5814 /* Assets.xcassets */,
				5C7A70AD28D0AEFC009E5814 /* Preview Content */,
			);
			path = Africa;
			sourceTree = "<group>";
		};
		5C7A70AD28D0AEFC009E5814 /* Preview Content */ = {
			isa = PBXGroup;
			children = (
				5C7A70AE28D0AEFC009E5814 /* Preview Assets.xcassets */,
			);
			path = "Preview Content";
			sourceTree = "<group>";
		};
		5C7A70B528D0B1E0009E5814 /* Video */ = {
			isa = PBXGroup;
			children = (
				5C7A70BD28D0B1F3009E5814 /* cheetah.mp4 */,
				5C7A70B728D0B1F1009E5814 /* elephant.mp4 */,
				5C7A70BF28D0B1F3009E5814 /* giraffe.mp4 */,
				5C7A70BA28D0B1F2009E5814 /* gorilla.mp4 */,
				5C7A70BB28D0B1F2009E5814 /* hippo.mp4 */,
				5C7A70BE28D0B1F3009E5814 /* lion.mp4 */,
				5C7A70B828D0B1F1009E5814 /* lioness.mp4 */,
				5C7A70BC28D0B1F2009E5814 /* ostrich.mp4 */,
				5C7A70B628D0B1F0009E5814 /* rhino.mp4 */,
				5C7A70B928D0B1F1009E5814 /* zebra.mp4 */,
			);
			path = Video;
			sourceTree = "<group>";
		};
		5C7A70CA28D0B200009E5814 /* Data */ = {
			isa = PBXGroup;
			children = (
				5C7A70CC28D0B20C009E5814 /* animals.json */,
				5C7A70CE28D0B20C009E5814 /* covers.json */,
				5C7A70CD28D0B20C009E5814 /* locations.json */,
				5C7A70CB28D0B20C009E5814 /* videos.json */,
			);
			path = Data;
			sourceTree = "<group>";
		};
		5C7A70D428D0D09B009E5814 /* App */ = {
			isa = PBXGroup;
			children = (
				5C7A70A728D0AEFA009E5814 /* AfricaApp.swift */,
				5C7A70A928D0AEFA009E5814 /* ContentView.swift */,
				5C7A70D528D0D13B009E5814 /* VideoListView.swift */,
				5C7A70D728D0D14D009E5814 /* MapView.swift */,
				5C7A70DA28D0D17A009E5814 /* GalleryView.swift */,
				5C7A70DC28D0D1B0009E5814 /* MainView.swift */,
			);
			path = App;
			sourceTree = "<group>";
		};
/* End PBXGroup section */

/* Begin PBXNativeTarget section */
		5C7A70A328D0AEFA009E5814 /* Africa */ = {
			isa = PBXNativeTarget;
			buildConfigurationList = 5C7A70B228D0AEFC009E5814 /* Build configuration list for PBXNativeTarget "Africa" */;
			buildPhases = (
				5C7A70A028D0AEFA009E5814 /* Sources */,
				5C7A70A128D0AEFA009E5814 /* Frameworks */,
				5C7A70A228D0AEFA009E5814 /* Resources */,
			);
			buildRules = (
			);
			dependencies = (
			);
			name = Africa;
			productName = Africa;
			productReference = 5C7A70A428D0AEFA009E5814 /* Africa.app */;
			productType = "com.apple.product-type.application";
		};
/* End PBXNativeTarget section */

/* Begin PBXProject section */
		5C7A709C28D0AEFA009E5814 /* Project object */ = {
			isa = PBXProject;
			attributes = {
				BuildIndependentTargetsInParallel = 1;
				LastSwiftUpdateCheck = 1340;
				LastUpgradeCheck = 1340;
				TargetAttributes = {
					5C7A70A328D0AEFA009E5814 = {
						CreatedOnToolsVersion = 13.4.1;
					};
				};
			};
			buildConfigurationList = 5C7A709F28D0AEFA009E5814 /* Build configuration list for PBXProject "Africa" */;
			compatibilityVersion = "Xcode 13.0";
			developmentRegion = en;
			hasScannedForEncodings = 0;
			knownRegions = (
				en,
				Base,
			);
			mainGroup = 5C7A709B28D0AEFA009E5814;
			productRefGroup = 5C7A70A528D0AEFA009E5814 /* Products */;
			projectDirPath = "";
			projectRoot = "";
			targets = (
				5C7A70A328D0AEFA009E5814 /* Africa */,
			);
		};
/* End PBXProject section */

/* Begin PBXResourcesBuildPhase section */
		5C7A70A228D0AEFA009E5814 /* Resources */ = {
			isa = PBXResourcesBuildPhase;
			buildActionMask = 2147483647;
			files = (
				5C7A70C528D0B1F3009E5814 /* hippo.mp4 in Resources */,
				5C7A70C128D0B1F3009E5814 /* elephant.mp4 in Resources */,
				5C7A70C928D0B1F3009E5814 /* giraffe.mp4 in Resources */,
				5C7A70C028D0B1F3009E5814 /* rhino.mp4 in Resources */,
				5C7A70CF28D0B20C009E5814 /* videos.json in Resources */,
				5C7A70D228D0B20C009E5814 /* covers.json in Resources */,
				5C7A70C628D0B1F3009E5814 /* ostrich.mp4 in Resources */,
				5C7A70C228D0B1F3009E5814 /* lioness.mp4 in Resources */,
				5C7A70D128D0B20C009E5814 /* locations.json in Resources */,
				5C7A70D028D0B20C009E5814 /* animals.json in Resources */,
				5C7A70C428D0B1F3009E5814 /* gorilla.mp4 in Resources */,
				5C7A70C728D0B1F3009E5814 /* cheetah.mp4 in Resources */,
				5C7A70AF28D0AEFC009E5814 /* Preview Assets.xcassets in Resources */,
				5C7A70C828D0B1F3009E5814 /* lion.mp4 in Resources */,
				5C7A70C328D0B1F3009E5814 /* zebra.mp4 in Resources */,
				5C7A70AC28D0AEFC009E5814 /* Assets.xcassets in Resources */,
			);
			runOnlyForDeploymentPostprocessing = 0;
		};
/* End PBXResourcesBuildPhase section */

/* Begin PBXSourcesBuildPhase section */
		5C7A70A028D0AEFA009E5814 /* Sources */ = {
			isa = PBXSourcesBuildPhase;
			buildActionMask = 2147483647;
			files = (
				5C7A70AA28D0AEFA009E5814 /* ContentView.swift in Sources */,
				5C7A70DD28D0D1B0009E5814 /* MainView.swift in Sources */,
				5C7A70D828D0D14D009E5814 /* MapView.swift in Sources */,
				5C7A70A828D0AEFA009E5814 /* AfricaApp.swift in Sources */,
				5C7A70D628D0D13B009E5814 /* VideoListView.swift in Sources */,
				5C7A70DB28D0D17A009E5814 /* GalleryView.swift in Sources */,
			);
			runOnlyForDeploymentPostprocessing = 0;
		};
/* End PBXSourcesBuildPhase section */

/* Begin XCBuildConfiguration section */
		5C7A70B028D0AEFC009E5814 /* Debug */ = {
			isa = XCBuildConfiguration;
			buildSettings = {
				ALWAYS_SEARCH_USER_PATHS = NO;
				CLANG_ANALYZER_NONNULL = YES;
				CLANG_ANALYZER_NUMBER_OBJECT_CONVERSION = YES_AGGRESSIVE;
				CLANG_CXX_LANGUAGE_STANDARD = "gnu++17";
				CLANG_ENABLE_MODULES = YES;
				CLANG_ENABLE_OBJC_ARC = YES;
				CLANG_ENABLE_OBJC_WEAK = YES;
				CLANG_WARN_BLOCK_CAPTURE_AUTORELEASING = YES;
				CLANG_WARN_BOOL_CONVERSION = YES;
				CLANG_WARN_COMMA = YES;
				CLANG_WARN_CONSTANT_CONVERSION = YES;
				CLANG_WARN_DEPRECATED_OBJC_IMPLEMENTATIONS = YES;
				CLANG_WARN_DIRECT_OBJC_ISA_USAGE = YES_ERROR;
				CLANG_WARN_DOCUMENTATION_COMMENTS = YES;
				CLANG_WARN_EMPTY_BODY = YES;
				CLANG_WARN_ENUM_CONVERSION = YES;
				CLANG_WARN_INFINITE_RECURSION = YES;
				CLANG_WARN_INT_CONVERSION = YES;
				CLANG_WARN_NON_LITERAL_NULL_CONVERSION = YES;
				CLANG_WARN_OBJC_IMPLICIT_RETAIN_SELF = YES;
				CLANG_WARN_OBJC_LITERAL_CONVERSION = YES;
				CLANG_WARN_OBJC_ROOT_CLASS = YES_ERROR;
				CLANG_WARN_QUOTED_INCLUDE_IN_FRAMEWORK_HEADER = YES;
				CLANG_WARN_RANGE_LOOP_ANALYSIS = YES;
				CLANG_WARN_STRICT_PROTOTYPES = YES;
				CLANG_WARN_SUSPICIOUS_MOVE = YES;
				CLANG_WARN_UNGUARDED_AVAILABILITY = YES_AGGRESSIVE;
				CLANG_WARN_UNREACHABLE_CODE = YES;
				CLANG_WARN__DUPLICATE_METHOD_MATCH = YES;
				COPY_PHASE_STRIP = NO;
				DEBUG_INFORMATION_FORMAT = dwarf;
				ENABLE_STRICT_OBJC_MSGSEND = YES;
				ENABLE_TESTABILITY = YES;
				GCC_C_LANGUAGE_STANDARD = gnu11;
				GCC_DYNAMIC_NO_PIC = NO;
				GCC_NO_COMMON_BLOCKS = YES;
				GCC_OPTIMIZATION_LEVEL = 0;
				GCC_PREPROCESSOR_DEFINITIONS = (
					"DEBUG=1",
					"$(inherited)",
				);
				GCC_WARN_64_TO_32_BIT_CONVERSION = YES;
				GCC_WARN_ABOUT_RETURN_TYPE = YES_ERROR;
				GCC_WARN_UNDECLARED_SELECTOR = YES;
				GCC_WARN_UNINITIALIZED_AUTOS = YES_AGGRESSIVE;
				GCC_WARN_UNUSED_FUNCTION = YES;
				GCC_WARN_UNUSED_VARIABLE = YES;
				IPHONEOS_DEPLOYMENT_TARGET = 15.5;
				MTL_ENABLE_DEBUG_INFO = INCLUDE_SOURCE;
				MTL_FAST_MATH = YES;
				ONLY_ACTIVE_ARCH = YES;
				SDKROOT = iphoneos;
				SWIFT_ACTIVE_COMPILATION_CONDITIONS = DEBUG;
				SWIFT_OPTIMIZATION_LEVEL = "-Onone";
			};
			name = Debug;
		};
		5C7A70B128D0AEFC009E5814 /* Release */ = {
			isa = XCBuildConfiguration;
			buildSettings = {
				ALWAYS_SEARCH_USER_PATHS = NO;
				CLANG_ANALYZER_NONNULL = YES;
				CLANG_ANALYZER_NUMBER_OBJECT_CONVERSION = YES_AGGRESSIVE;
				CLANG_CXX_LANGUAGE_STANDARD = "gnu++17";
				CLANG_ENABLE_MODULES = YES;
				CLANG_ENABLE_OBJC_ARC = YES;
				CLANG_ENABLE_OBJC_WEAK = YES;
				CLANG_WARN_BLOCK_CAPTURE_AUTORELEASING = YES;
				CLANG_WARN_BOOL_CONVERSION = YES;
				CLANG_WARN_COMMA = YES;
				CLANG_WARN_CONSTANT_CONVERSION = YES;
				CLANG_WARN_DEPRECATED_OBJC_IMPLEMENTATIONS = YES;
				CLANG_WARN_DIRECT_OBJC_ISA_USAGE = YES_ERROR;
				CLANG_WARN_DOCUMENTATION_COMMENTS = YES;
				CLANG_WARN_EMPTY_BODY = YES;
				CLANG_WARN_ENUM_CONVERSION = YES;
				CLANG_WARN_INFINITE_RECURSION = YES;
				CLANG_WARN_INT_CONVERSION = YES;
				CLANG_WARN_NON_LITERAL_NULL_CONVERSION = YES;
				CLANG_WARN_OBJC_IMPLICIT_RETAIN_SELF = YES;
				CLANG_WARN_OBJC_LITERAL_CONVERSION = YES;
				CLANG_WARN_OBJC_ROOT_CLASS = YES_ERROR;
				CLANG_WARN_QUOTED_INCLUDE_IN_FRAMEWORK_HEADER = YES;
				CLANG_WARN_RANGE_LOOP_ANALYSIS = YES;
				CLANG_WARN_STRICT_PROTOTYPES = YES;
				CLANG_WARN_SUSPICIOUS_MOVE = YES;
				CLANG_WARN_UNGUARDED_AVAILABILITY = YES_AGGRESSIVE;
				CLANG_WARN_UNREACHABLE_CODE = YES;
				CLANG_WARN__DUPLICATE_METHOD_MATCH = YES;
				COPY_PHASE_STRIP = NO;
				DEBUG_INFORMATION_FORMAT = "dwarf-with-dsym";
				ENABLE_NS_ASSERTIONS = NO;
				ENABLE_STRICT_OBJC_MSGSEND = YES;
				GCC_C_LANGUAGE_STANDARD = gnu11;
				GCC_NO_COMMON_BLOCKS = YES;
				GCC_WARN_64_TO_32_BIT_CONVERSION = YES;
				GCC_WARN_ABOUT_RETURN_TYPE = YES_ERROR;
				GCC_WARN_UNDECLARED_SELECTOR = YES;
				GCC_WARN_UNINITIALIZED_AUTOS = YES_AGGRESSIVE;
				GCC_WARN_UNUSED_FUNCTION = YES;
				GCC_WARN_UNUSED_VARIABLE = YES;
				IPHONEOS_DEPLOYMENT_TARGET = 15.5;
				MTL_ENABLE_DEBUG_INFO = NO;
				MTL_FAST_MATH = YES;
				SDKROOT = iphoneos;
				SWIFT_COMPILATION_MODE = wholemodule;
				SWIFT_OPTIMIZATION_LEVEL = "-O";
				VALIDATE_PRODUCT = YES;
			};
			name = Release;
		};
		5C7A70B328D0AEFC009E5814 /* Debug */ = {
			isa = XCBuildConfiguration;
			buildSettings = {
				ASSETCATALOG_COMPILER_APPICON_NAME = AppIcon;
				ASSETCATALOG_COMPILER_GLOBAL_ACCENT_COLOR_NAME = AccentColor;
				CODE_SIGN_STYLE = Automatic;
				CURRENT_PROJECT_VERSION = 1;
				DEVELOPMENT_ASSET_PATHS = "\"Africa/Preview Content\"";
				DEVELOPMENT_TEAM = 4PMHC35WAT;
				ENABLE_PREVIEWS = YES;
				GENERATE_INFOPLIST_FILE = YES;
				INFOPLIST_FILE = Africa/Info.plist;
				INFOPLIST_KEY_UIApplicationSceneManifest_Generation = YES;
				INFOPLIST_KEY_UIApplicationSupportsIndirectInputEvents = YES;
				INFOPLIST_KEY_UISupportedInterfaceOrientations_iPad = "UIInterfaceOrientationPortrait UIInterfaceOrientationPortraitUpsideDown UIInterfaceOrientationLandscapeLeft UIInterfaceOrientationLandscapeRight";
				INFOPLIST_KEY_UISupportedInterfaceOrientations_iPhone = "UIInterfaceOrientationPortrait UIInterfaceOrientationLandscapeLeft UIInterfaceOrientationLandscapeRight";
				INFOPLIST_KEY_UIUserInterfaceStyle = Dark;
				LD_RUNPATH_SEARCH_PATHS = (
					"$(inherited)",
					"@executable_path/Frameworks",
				);
				MARKETING_VERSION = 1.0;
				PRODUCT_BUNDLE_IDENTIFIER = app1.Africa;
				PRODUCT_NAME = "$(TARGET_NAME)";
				SWIFT_EMIT_LOC_STRINGS = YES;
				SWIFT_VERSION = 5.0;
				TARGETED_DEVICE_FAMILY = "1,2";
			};
			name = Debug;
		};
		5C7A70B428D0AEFC009E5814 /* Release */ = {
			isa = XCBuildConfiguration;
			buildSettings = {
				ASSETCATALOG_COMPILER_APPICON_NAME = AppIcon;
				ASSETCATALOG_COMPILER_GLOBAL_ACCENT_COLOR_NAME = AccentColor;
				CODE_SIGN_STYLE = Automatic;
				CURRENT_PROJECT_VERSION = 1;
				DEVELOPMENT_ASSET_PATHS = "\"Africa/Preview Content\"";
				DEVELOPMENT_TEAM = 4PMHC35WAT;
				ENABLE_PREVIEWS = YES;
				GENERATE_INFOPLIST_FILE = YES;
				INFOPLIST_FILE = Africa/Info.plist;
				INFOPLIST_KEY_UIApplicationSceneManifest_Generation = YES;
				INFOPLIST_KEY_UIApplicationSupportsIndirectInputEvents = YES;
				INFOPLIST_KEY_UISupportedInterfaceOrientations_iPad = "UIInterfaceOrientationPortrait UIInterfaceOrientationPortraitUpsideDown UIInterfaceOrientationLandscapeLeft UIInterfaceOrientationLandscapeRight";
				INFOPLIST_KEY_UISupportedInterfaceOrientations_iPhone = "UIInterfaceOrientationPortrait UIInterfaceOrientationLandscapeLeft UIInterfaceOrientationLandscapeRight";
				INFOPLIST_KEY_UIUserInterfaceStyle = Dark;
				LD_RUNPATH_SEARCH_PATHS = (
					"$(inherited)",
					"@executable_path/Frameworks",
				);
				MARKETING_VERSION = 1.0;
				PRODUCT_BUNDLE_IDENTIFIER = app1.Africa;
				PRODUCT_NAME = "$(TARGET_NAME)";
				SWIFT_EMIT_LOC_STRINGS = YES;
				SWIFT_VERSION = 5.0;
				TARGETED_DEVICE_FAMILY = "1,2";
			};
			name = Release;
		};
/* End XCBuildConfiguration section */

/* Begin XCConfigurationList section */
		5C7A709F28D0AEFA009E5814 /* Build configuration list for PBXProject "Africa" */ = {
			isa = XCConfigurationList;
			buildConfigurations = (
				5C7A70B028D0AEFC009E5814 /* Debug */,
				5C7A70B128D0AEFC009E5814 /* Release */,
			);
			defaultConfigurationIsVisible = 0;
			defaultConfigurationName = Release;
		};
		5C7A70B228D0AEFC009E5814 /* Build configuration list for PBXNativeTarget "Africa" */ = {
			isa = XCConfigurationList;
			buildConfigurations = (
				5C7A70B328D0AEFC009E5814 /* Debug */,
				5C7A70B428D0AEFC009E5814 /* Release */,
			);
			defaultConfigurationIsVisible = 0;
			defaultConfigurationName = Release;
		};
/* End XCConfigurationList section */
	};
	rootObject = 5C7A709C28D0AEFA009E5814 /* Project object */;
}
